
Microsoft Visual Studio Solution File, Format Version 12.00
# Visual Studio Version 17
VisualStudioVersion = 17.8.34309.116
MinimumVisualStudioVersion = 10.0.40219.1
Project("{9A19103F-16F7-4668-BE54-9A1E7A4F7556}") = "GearUp.GameServer", "GearUp.GameServer\GearUp.GameServer.csproj", "{10420895-851A-4A73-AA47-1F33B1A1E098}"
EndProject
Project("{9A19103F-16F7-4668-BE54-9A1E7A4F7556}") = "GearUp.Client", "GearUp.Client\GearUp.Client.csproj", "{99717AFA-C544-4430-8C87-12D2E9FF6813}"
EndProject
Project("{9A19103F-16F7-4668-BE54-9A1E7A4F7556}") = "GearUp.Common", "GearUp.Common\GearUp.Common.csproj", "{3CB32A42-7C5A-4DD5-9346-F8F04BEC24B4}"
EndProject
Project("{FAE04EC0-301F-11D3-BF4B-00C04F79EFBC}") = "GearUp.CaptureReader", "GearUp.CaptureReader\GearUp.CaptureReader.csproj", "{06E1D9D7-031A-42FE-92E1-BB600A68EC94}"
EndProject
Global
	GlobalSection(SolutionConfigurationPlatforms) = preSolution
		Debug|Any CPU = Debug|Any CPU
		Release|Any CPU = Release|Any CPU
	EndGlobalSection
	GlobalSection(ProjectConfigurationPlatforms) = postSolution
		{10420895-851A-4A73-AA47-1F33B1A1E098}.Debug|Any CPU.ActiveCfg = Debug|Any CPU
		{10420895-851A-4A73-AA47-1F33B1A1E098}.Debug|Any CPU.Build.0 = Debug|Any CPU
		{10420895-851A-4A73-AA47-1F33B1A1E098}.Release|Any CPU.ActiveCfg = Release|Any CPU
		{10420895-851A-4A73-AA47-1F33B1A1E098}.Release|Any CPU.Build.0 = Release|Any CPU
		{99717AFA-C544-4430-8C87-12D2E9FF6813}.Debug|Any CPU.ActiveCfg = Debug|Any CPU
		{99717AFA-C544-4430-8C87-12D2E9FF6813}.Debug|Any CPU.Build.0 = Debug|Any CPU
		{99717AFA-C544-4430-8C87-12D2E9FF6813}.Release|Any CPU.ActiveCfg = Release|Any CPU
		{99717AFA-C544-4430-8C87-12D2E9FF6813}.Release|Any CPU.Build.0 = Release|Any CPU
		{3CB32A42-7C5A-4DD5-9346-F8F04BEC24B4}.Debug|Any CPU.ActiveCfg = Debug|Any CPU
		{3CB32A42-7C5A-4DD5-9346-F8F04BEC24B4}.Debug|Any CPU.Build.0 = Debug|Any CPU
		{3CB32A42-7C5A-4DD5-9346-F8F04BEC24B4}.Release|Any CPU.ActiveCfg = Release|Any CPU
		{3CB32A42-7C5A-4DD5-9346-F8F04BEC24B4}.Release|Any CPU.Build.0 = Release|Any CPU
		{06E1D9D7-031A-42FE-92E1-BB600A68EC94}.Debug|Any CPU.ActiveCfg = Debug|Any CPU
		{06E1D9D7-031A-42FE-92E1-BB600A68EC94}.Debug|Any CPU.Build.0 = Debug|Any CPU
		{06E1D9D7-031A-42FE-92E1-BB600A68EC94}.Release|Any CPU.ActiveCfg = Release|Any CPU
		{06E1D9D7-031A-42FE-92E1-BB600A68EC94}.Release|Any CPU.Build.0 = Release|Any CPU
	EndGlobalSection
	GlobalSection(SolutionProperties) = preSolution
		HideSolutionNode = FALSE
	EndGlobalSection
	GlobalSection(ExtensibilityGlobals) = postSolution
		SolutionGuid = {BE14622E-BA05-4011-8F76-5C072D3EB917}
	EndGlobalSection
EndGlobal
